// !$*UTF8*$!
{
	archiveVersion = 1;
	classes = {
	};
	objectVersion = 46;
	objects = {

/* Begin PBXBuildFile section */
		682ED1C71D3900B700A89EF5 /* Assets.xcassets in Resources */ = {isa = PBXBuildFile; fileRef = 682ED1C61D3900B700A89EF5 /* Assets.xcassets */; };
		682ED1CA1D3900B700A89EF5 /* LaunchScreen.storyboard in Resources */ = {isa = PBXBuildFile; fileRef = 682ED1C81D3900B700A89EF5 /* LaunchScreen.storyboard */; };
		682ED1D91D39014C00A89EF5 /* AppDelegate.m in Sources */ = {isa = PBXBuildFile; fileRef = 682ED1D61D39014C00A89EF5 /* AppDelegate.m */; };
		682ED1DA1D39014C00A89EF5 /* main.m in Sources */ = {isa = PBXBuildFile; fileRef = 682ED1D71D39014C00A89EF5 /* main.m */; };
		682ED1DD1D3901B200A89EF5 /* ZWTabBarController.m in Sources */ = {isa = PBXBuildFile; fileRef = 682ED1DC1D3901B200A89EF5 /* ZWTabBarController.m */; };
		682ED1E01D3901E300A89EF5 /* ZWNavigationController.m in Sources */ = {isa = PBXBuildFile; fileRef = 682ED1DF1D3901E300A89EF5 /* ZWNavigationController.m */; };
		682ED1E61D39056200A89EF5 /* ZWTabBar.m in Sources */ = {isa = PBXBuildFile; fileRef = 682ED1E51D39056200A89EF5 /* ZWTabBar.m */; };
		682ED1E91D3907BE00A89EF5 /* ZWTabBarButton.m in Sources */ = {isa = PBXBuildFile; fileRef = 682ED1E81D3907BE00A89EF5 /* ZWTabBarButton.m */; };
/* End PBXBuildFile section */

/* Begin PBXFileReference section */
		682ED1B71D3900B700A89EF5 /* zzwu_menu.app */ = {isa = PBXFileReference; explicitFileType = wrapper.application; includeInIndex = 0; path = zzwu_menu.app; sourceTree = BUILT_PRODUCTS_DIR; };
		682ED1C61D3900B700A89EF5 /* Assets.xcassets */ = {isa = PBXFileReference; lastKnownFileType = folder.assetcatalog; path = Assets.xcassets; sourceTree = "<group>"; };
		682ED1C91D3900B700A89EF5 /* Base */ = {isa = PBXFileReference; lastKnownFileType = file.storyboard; name = Base; path = Base.lproj/LaunchScreen.storyboard; sourceTree = "<group>"; };
		682ED1CB1D3900B700A89EF5 /* Info.plist */ = {isa = PBXFileReference; lastKnownFileType = text.plist.xml; path = Info.plist; sourceTree = "<group>"; };
		682ED1D51D39014C00A89EF5 /* AppDelegate.h */ = {isa = PBXFileReference; fileEncoding = 4; lastKnownFileType = sourcecode.c.h; path = AppDelegate.h; sourceTree = "<group>"; };
		682ED1D61D39014C00A89EF5 /* AppDelegate.m */ = {isa = PBXFileReference; fileEncoding = 4; lastKnownFileType = sourcecode.c.objc; path = AppDelegate.m; sourceTree = "<group>"; };
		682ED1D71D39014C00A89EF5 /* main.m */ = {isa = PBXFileReference; fileEncoding = 4; lastKnownFileType = sourcecode.c.objc; path = main.m; sourceTree = "<group>"; };
		682ED1DB1D3901B200A89EF5 /* ZWTabBarController.h */ = {isa = PBXFileReference; fileEncoding = 4; lastKnownFileType = sourcecode.c.h; path = ZWTabBarController.h; sourceTree = "<group>"; };
		682ED1DC1D3901B200A89EF5 /* ZWTabBarController.m */ = {isa = PBXFileReference; fileEncoding = 4; lastKnownFileType = sourcecode.c.objc; path = ZWTabBarController.m; sourceTree = "<group>"; };
		682ED1DE1D3901E300A89EF5 /* ZWNavigationController.h */ = {isa = PBXFileReference; fileEncoding = 4; lastKnownFileType = sourcecode.c.h; path = ZWNavigationController.h; sourceTree = "<group>"; };
		682ED1DF1D3901E300A89EF5 /* ZWNavigationController.m */ = {isa = PBXFileReference; fileEncoding = 4; lastKnownFileType = sourcecode.c.objc; path = ZWNavigationController.m; sourceTree = "<group>"; };
		682ED1E41D39056200A89EF5 /* ZWTabBar.h */ = {isa = PBXFileReference; fileEncoding = 4; lastKnownFileType = sourcecode.c.h; path = ZWTabBar.h; sourceTree = "<group>"; };
		682ED1E51D39056200A89EF5 /* ZWTabBar.m */ = {isa = PBXFileReference; fileEncoding = 4; lastKnownFileType = sourcecode.c.objc; path = ZWTabBar.m; sourceTree = "<group>"; };
		682ED1E71D3907BE00A89EF5 /* ZWTabBarButton.h */ = {isa = PBXFileReference; fileEncoding = 4; lastKnownFileType = sourcecode.c.h; path = ZWTabBarButton.h; sourceTree = "<group>"; };
		682ED1E81D3907BE00A89EF5 /* ZWTabBarButton.m */ = {isa = PBXFileReference; fileEncoding = 4; lastKnownFileType = sourcecode.c.objc; path = ZWTabBarButton.m; sourceTree = "<group>"; };
/* End PBXFileReference section */

/* Begin PBXFrameworksBuildPhase section */
		682ED1B41D3900B700A89EF5 /* Frameworks */ = {
			isa = PBXFrameworksBuildPhase;
			buildActionMask = 2147483647;
			files = (
			);
			runOnlyForDeploymentPostprocessing = 0;
		};
/* End PBXFrameworksBuildPhase section */

/* Begin PBXGroup section */
		682ED1AE1D3900B700A89EF5 = {
			isa = PBXGroup;
			children = (
				682ED1B91D3900B700A89EF5 /* zzwu_menu */,
				682ED1B81D3900B700A89EF5 /* Products */,
			);
			sourceTree = "<group>";
		};
		682ED1B81D3900B700A89EF5 /* Products */ = {
			isa = PBXGroup;
			children = (
				682ED1B71D3900B700A89EF5 /* zzwu_menu.app */,
			);
			name = Products;
			sourceTree = "<group>";
		};
		682ED1B91D3900B700A89EF5 /* zzwu_menu */ = {
			isa = PBXGroup;
			children = (
				682ED1D11D39014C00A89EF5 /* Class */,
				682ED1C61D3900B700A89EF5 /* Assets.xcassets */,
				682ED1C81D3900B700A89EF5 /* LaunchScreen.storyboard */,
				682ED1CB1D3900B700A89EF5 /* Info.plist */,
				682ED1BA1D3900B700A89EF5 /* Supporting Files */,
			);
			path = zzwu_menu;
			sourceTree = "<group>";
		};
		682ED1BA1D3900B700A89EF5 /* Supporting Files */ = {
			isa = PBXGroup;
			children = (
			);
			name = "Supporting Files";
			sourceTree = "<group>";
		};
		682ED1D11D39014C00A89EF5 /* Class */ = {
			isa = PBXGroup;
			children = (
				682ED1D21D39014C00A89EF5 /* Controller */,
				682ED1D41D39014C00A89EF5 /* Others */,
				682ED1D81D39014C00A89EF5 /* View */,
			);
			path = Class;
			sourceTree = "<group>";
		};
		682ED1D21D39014C00A89EF5 /* Controller */ = {
			isa = PBXGroup;
			children = (
				682ED1DB1D3901B200A89EF5 /* ZWTabBarController.h */,
				682ED1DC1D3901B200A89EF5 /* ZWTabBarController.m */,
				682ED1DE1D3901E300A89EF5 /* ZWNavigationController.h */,
				682ED1DF1D3901E300A89EF5 /* ZWNavigationController.m */,
			);
			path = Controller;
			sourceTree = "<group>";
		};
		682ED1D41D39014C00A89EF5 /* Others */ = {
			isa = PBXGroup;
			children = (
				682ED1D51D39014C00A89EF5 /* AppDelegate.h */,
				682ED1D61D39014C00A89EF5 /* AppDelegate.m */,
				682ED1D71D39014C00A89EF5 /* main.m */,
			);
			path = Others;
			sourceTree = "<group>";
		};
		682ED1D81D39014C00A89EF5 /* View */ = {
			isa = PBXGroup;
			children = (
				682ED1E41D39056200A89EF5 /* ZWTabBar.h */,
				682ED1E51D39056200A89EF5 /* ZWTabBar.m */,
				682ED1E71D3907BE00A89EF5 /* ZWTabBarButton.h */,
				682ED1E81D3907BE00A89EF5 /* ZWTabBarButton.m */,
			);
			path = View;
			sourceTree = "<group>";
		};
/* End PBXGroup section */

/* Begin PBXNativeTarget section */
		682ED1B61D3900B700A89EF5 /* zzwu_menu */ = {
			isa = PBXNativeTarget;
			buildConfigurationList = 682ED1CE1D3900B700A89EF5 /* Build configuration list for PBXNativeTarget "zzwu_menu" */;
			buildPhases = (
				682ED1B31D3900B700A89EF5 /* Sources */,
				682ED1B41D3900B700A89EF5 /* Frameworks */,
				682ED1B51D3900B700A89EF5 /* Resources */,
			);
			buildRules = (
			);
			dependencies = (
			);
			name = zzwu_menu;
			productName = zzwu_menu;
			productReference = 682ED1B71D3900B700A89EF5 /* zzwu_menu.app */;
			productType = "com.apple.product-type.application";
		};
/* End PBXNativeTarget section */

/* Begin PBXProject section */
		682ED1AF1D3900B700A89EF5 /* Project object */ = {
			isa = PBXProject;
			attributes = {
				LastUpgradeCheck = 0730;
				ORGANIZATIONNAME = zzwu;
				TargetAttributes = {
					682ED1B61D3900B700A89EF5 = {
						CreatedOnToolsVersion = 7.3.1;
					};
				};
			};
			buildConfigurationList = 682ED1B21D3900B700A89EF5 /* Build configuration list for PBXProject "zzwu_menu" */;
			compatibilityVersion = "Xcode 3.2";
			developmentRegion = English;
			hasScannedForEncodings = 0;
			knownRegions = (
				en,
				Base,
			);
			mainGroup = 682ED1AE1D3900B700A89EF5;
			productRefGroup = 682ED1B81D3900B700A89EF5 /* Products */;
			projectDirPath = "";
			projectRoot = "";
			targets = (
				682ED1B61D3900B700A89EF5 /* zzwu_menu */,
			);
		};
/* End PBXProject section */

/* Begin PBXResourcesBuildPhase section */
		682ED1B51D3900B700A89EF5 /* Resources */ = {
			isa = PBXResourcesBuildPhase;
			buildActionMask = 2147483647;
			files = (
				682ED1CA1D3900B700A89EF5 /* LaunchScreen.storyboard in Resources */,
				682ED1C71D3900B700A89EF5 /* Assets.xcassets in Resources */,
			);
			runOnlyForDeploymentPostprocessing = 0;
		};
/* End PBXResourcesBuildPhase section */

/* Begin PBXSourcesBuildPhase section */
		682ED1B31D3900B700A89EF5 /* Sources */ = {
			isa = PBXSourcesBuildPhase;
			buildActionMask = 2147483647;
			files = (
				682ED1E61D39056200A89EF5 /* ZWTabBar.m in Sources */,
				682ED1E01D3901E300A89EF5 /* ZWNavigationController.m in Sources */,
				682ED1DD1D3901B200A89EF5 /* ZWTabBarController.m in Sources */,
				682ED1DA1D39014C00A89EF5 /* main.m in Sources */,
				682ED1E91D3907BE00A89EF5 /* ZWTabBarButton.m in Sources */,
				682ED1D91D39014C00A89EF5 /* AppDelegate.m in Sources */,
			);
			runOnlyForDeploymentPostprocessing = 0;
		};
/* End PBXSourcesBuildPhase section */

/* Begin PBXVariantGroup section */
		682ED1C81D3900B700A89EF5 /* LaunchScreen.storyboard */ = {
			isa = PBXVariantGroup;
			children = (
				682ED1C91D3900B700A89EF5 /* Base */,
			);
			name = LaunchScreen.storyboard;
			sourceTree = "<group>";
		};
/* End PBXVariantGroup section */

/* Begin XCBuildConfiguration section */
		682ED1CC1D3900B700A89EF5 /* Debug */ = {
			isa = XCBuildConfiguration;
			buildSettings = {
				ALWAYS_SEARCH_USER_PATHS = NO;
				CLANG_ANALYZER_NONNULL = YES;
				CLANG_CXX_LANGUAGE_STANDARD = "gnu++0x";
				CLANG_CXX_LIBRARY = "libc++";
				CLANG_ENABLE_MODULES = YES;
				CLANG_ENABLE_OBJC_ARC = YES;
				CLANG_WARN_BOOL_CONVERSION = YES;
				CLANG_WARN_CONSTANT_CONVERSION = YES;
				CLANG_WARN_DIRECT_OBJC_ISA_USAGE = YES_ERROR;
				CLANG_WARN_EMPTY_BODY = YES;
				CLANG_WARN_ENUM_CONVERSION = YES;
				CLANG_WARN_INT_CONVERSION = YES;
				CLANG_WARN_OBJC_ROOT_CLASS = YES_ERROR;
				CLANG_WARN_UNREACHABLE_CODE = YES;
				CLANG_WARN__DUPLICATE_METHOD_MATCH = YES;
				"CODE_SIGN_IDENTITY[sdk=iphoneos*]" = "iPhone Developer";
				COPY_PHASE_STRIP = NO;
				DEBUG_INFORMATION_FORMAT = dwarf;
				ENABLE_STRICT_OBJC_MSGSEND = YES;
				ENABLE_TESTABILITY = YES;
				GCC_C_LANGUAGE_STANDARD = gnu99;
				GCC_DYNAMIC_NO_PIC = NO;
				GCC_NO_COMMON_BLOCKS = YES;
				GCC_OPTIMIZATION_LEVEL = 0;
				GCC_PREPROCESSOR_DEFINITIONS = (
					"DEBUG=1",
					"$(inherited)",
				);
				GCC_WARN_64_TO_32_BIT_CONVERSION = YES;
				GCC_WARN_ABOUT_RETURN_TYPE = YES_ERROR;
				GCC_WARN_UNDECLARED_SELECTOR = YES;
				GCC_WARN_UNINITIALIZED_AUTOS = YES_AGGRESSIVE;
				GCC_WARN_UNUSED_FUNCTION = YES;
				GCC_WARN_UNUSED_VARIABLE = YES;
				IPHONEOS_DEPLOYMENT_TARGET = 9.3;
				MTL_ENABLE_DEBUG_INFO = YES;
				ONLY_ACTIVE_ARCH = YES;
				SDKROOT = iphoneos;
				TARGETED_DEVICE_FAMILY = "1,2";
			};
			name = Debug;
		};
		682ED1CD1D3900B700A89EF5 /* Release */ = {
			isa = XCBuildConfiguration;
			buildSettings = {
				ALWAYS_SEARCH_USER_PATHS = NO;
				CLANG_ANALYZER_NONNULL = YES;
				CLANG_CXX_LANGUAGE_STANDARD = "gnu++0x";
				CLANG_CXX_LIBRARY = "libc++";
				CLANG_ENABLE_MODULES = YES;
				CLANG_ENABLE_OBJC_ARC = YES;
				CLANG_WARN_BOOL_CONVERSION = YES;
				CLANG_WARN_CONSTANT_CONVERSION = YES;
				CLANG_WARN_DIRECT_OBJC_ISA_USAGE = YES_ERROR;
				CLANG_WARN_EMPTY_BODY = YES;
				CLANG_WARN_ENUM_CONVERSION = YES;
				CLANG_WARN_INT_CONVERSION = YES;
				CLANG_WARN_OBJC_ROOT_CLASS = YES_ERROR;
				CLANG_WARN_UNREACHABLE_CODE = YES;
				CLANG_WARN__DUPLICATE_METHOD_MATCH = YES;
				"CODE_SIGN_IDENTITY[sdk=iphoneos*]" = "iPhone Developer";
				COPY_PHASE_STRIP = NO;
				DEBUG_INFORMATION_FORMAT = "dwarf-with-dsym";
				ENABLE_NS_ASSERTIONS = NO;
				ENABLE_STRICT_OBJC_MSGSEND = YES;
				GCC_C_LANGUAGE_STANDARD = gnu99;
				GCC_NO_COMMON_BLOCKS = YES;
				GCC_WARN_64_TO_32_BIT_CONVERSION = YES;
				GCC_WARN_ABOUT_RETURN_TYPE = YES_ERROR;
				GCC_WARN_UNDECLARED_SELECTOR = YES;
				GCC_WARN_UNINITIALIZED_AUTOS = YES_AGGRESSIVE;
				GCC_WARN_UNUSED_FUNCTION = YES;
				GCC_WARN_UNUSED_VARIABLE = YES;
				IPHONEOS_DEPLOYMENT_TARGET = 9.3;
				MTL_ENABLE_DEBUG_INFO = NO;
				SDKROOT = iphoneos;
				TARGETED_DEVICE_FAMILY = "1,2";
				VALIDATE_PRODUCT = YES;
			};
			name = Release;
		};
		682ED1CF1D3900B700A89EF5 /* Debug */ = {
			isa = XCBuildConfiguration;
			buildSettings = {
				ASSETCATALOG_COMPILER_APPICON_NAME = AppIcon;
				INFOPLIST_FILE = zzwu_menu/Info.plist;
				LD_RUNPATH_SEARCH_PATHS = "$(inherited) @executable_path/Frameworks";
				PRODUCT_BUNDLE_IDENTIFIER = "com.zzwu.zzwu-menu";
				PRODUCT_NAME = "$(TARGET_NAME)";
			};
			name = Debug;
		};
		682ED1D01D3900B700A89EF5 /* Release */ = {
			isa = XCBuildConfiguration;
			buildSettings = {
				ASSETCATALOG_COMPILER_APPICON_NAME = AppIcon;
				INFOPLIST_FILE = zzwu_menu/Info.plist;
				LD_RUNPATH_SEARCH_PATHS = "$(inherited) @executable_path/Frameworks";
				PRODUCT_BUNDLE_IDENTIFIER = "com.zzwu.zzwu-menu";
				PRODUCT_NAME = "$(TARGET_NAME)";
			};
			name = Release;
		};
/* End XCBuildConfiguration section */

/* Begin XCConfigurationList section */
		682ED1B21D3900B700A89EF5 /* Build configuration list for PBXProject "zzwu_menu" */ = {
			isa = XCConfigurationList;
			buildConfigurations = (
				682ED1CC1D3900B700A89EF5 /* Debug */,
				682ED1CD1D3900B700A89EF5 /* Release */,
			);
			defaultConfigurationIsVisible = 0;
			defaultConfigurationName = Release;
		};
		682ED1CE1D3900B700A89EF5 /* Build configuration list for PBXNativeTarget "zzwu_menu" */ = {
			isa = XCConfigurationList;
			buildConfigurations = (
				682ED1CF1D3900B700A89EF5 /* Debug */,
				682ED1D01D3900B700A89EF5 /* Release */,
			);
			defaultConfigurationIsVisible = 0;
		};
/* End XCConfigurationList section */
	};
	rootObject = 682ED1AF1D3900B700A89EF5 /* Project object */;
}
